<?xml version="1.0" encoding="utf-8"?>
<Project ToolsVersion="4.0" xmlns="http://schemas.microsoft.com/developer/msbuild/2003">
  <ItemGroup>
    <Filter Include="Source Files">
      <UniqueIdentifier>{4FC737F1-C7A5-4376-A066-2A32D752A2FF}</UniqueIdentifier>
      <Extensions>cpp;c;cc;cxx;def;odl;idl;hpj;bat;asm;asmx</Extensions>
    </Filter>
    <Filter Include="Header Files">
      <UniqueIdentifier>{93995380-89BD-4b04-88EB-625FBE52EBFB}</UniqueIdentifier>
      <Extensions>h;hpp;hxx;hm;inl;inc;xsd</Extensions>
    </Filter>
  </ItemGroup>
  <ItemGroup>
    <ClCompile Include="BaseDiscreteModel.cpp">
      <Filter>Source Files</Filter>
    </ClCompile>
    <ClCompile Include="CacherComparingStruct.cpp">
      <Filter>Source Files</Filter>
    </ClCompile>
    <ClCompile Include="DataParameters.cpp">
      <Filter>Source Files</Filter>
    </ClCompile>
    <ClCompile Include="DataProcessing.cpp">
      <Filter>Source Files</Filter>
    </ClCompile>
    <ClCompile Include="DiscreteModel.cpp">
      <Filter>Source Files</Filter>
    </ClCompile>
    <ClCompile Include="ECalc.cpp">
      <Filter>Source Files</Filter>
    </ClCompile>
    <ClCompile Include="EIGEN.CPP">
      <Filter>Source Files</Filter>
    </ClCompile>
    <ClCompile Include="InverseMatrix.cpp">
      <Filter>Source Files</Filter>
    </ClCompile>
    <ClCompile Include="MathParameter.cpp">
      <Filter>Source Files</Filter>
    </ClCompile>
    <ClCompile Include="MathParameterEstimate.cpp">
      <Filter>Source Files</Filter>
    </ClCompile>
    <ClCompile Include="MathParameterList.cpp">
      <Filter>Source Files</Filter>
    </ClCompile>
    <ClCompile Include="Probdist.cpp">
      <Filter>Source Files</Filter>
    </ClCompile>
    <ClCompile Include="StdAfx.cpp">
      <Filter>Source Files</Filter>
    </ClCompile>
  </ItemGroup>
  <ItemGroup>
    <ClInclude Include="BaseDiscreteModel.h">
      <Filter>Header Files</Filter>
    </ClInclude>
    <ClInclude Include="BCacher.h">
      <Filter>Header Files</Filter>
    </ClInclude>
    <ClInclude Include="BCacher2D.h">
      <Filter>Header Files</Filter>
    </ClInclude>
    <ClInclude Include="CacherComparingStruct.h">
      <Filter>Header Files</Filter>
    </ClInclude>
    <ClInclude Include="dataparameters.h">
      <Filter>Header Files</Filter>
    </ClInclude>
    <ClInclude Include="DataProcessing.h">
      <Filter>Header Files</Filter>
    </ClInclude>
    <ClInclude Include="DataProcessing_impl.h">
      <Filter>Header Files</Filter>
    </ClInclude>
    <ClInclude Include="DiscreteModel.h">
      <Filter>Header Files</Filter>
    </ClInclude>
    <ClInclude Include="ECalc.h">
      <Filter>Header Files</Filter>
    </ClInclude>
    <ClInclude Include="ECalcMisc.h">
      <Filter>Header Files</Filter>
    </ClInclude>
    <ClInclude Include="ECalcTemplates.h">
      <Filter>Header Files</Filter>
    </ClInclude>
    <ClInclude Include="ExportTricks.h">
      <Filter>Header Files</Filter>
    </ClInclude>
    <ClInclude Include="ExportTricks2.h">
      <Filter>Header Files</Filter>
    </ClInclude>
    <ClInclude Include="InfoCacher.h">
      <Filter>Header Files</Filter>
    </ClInclude>
    <ClInclude Include="InfoCacher2D.h">
      <Filter>Header Files</Filter>
    </ClInclude>
    <ClInclude Include="InverseMatrix.h">
      <Filter>Header Files</Filter>
    </ClInclude>
    <ClInclude Include="LDotCacher.h">
      <Filter>Header Files</Filter>
    </ClInclude>
    <ClInclude Include="LDotCacher2D.h">
      <Filter>Header Files</Filter>
    </ClInclude>
    <ClInclude Include="MathParameter.h">
      <Filter>Header Files</Filter>
    </ClInclude>
    <ClInclude Include="MathParameterEstimate.h">
      <Filter>Header Files</Filter>
    </ClInclude>
    <ClInclude Include="MathParameterEstimateList.h">
      <Filter>Header Files</Filter>
    </ClInclude>
    <ClInclude Include="MathParameterList.h">
      <Filter>Header Files</Filter>
    </ClInclude>
    <ClInclude Include="OUTDEFS.H">
      <Filter>Header Files</Filter>
    </ClInclude>
    <ClInclude Include="Probcalc.h">
      <Filter>Header Files</Filter>
    </ClInclude>
    <ClInclude Include="StdAfx.h">
      <Filter>Header Files</Filter>
    </ClInclude>
  </ItemGroup>
</Project>